
Microsoft Visual Studio Solution File, Format Version 12.00
# Visual Studio Version 16
VisualStudioVersion = 16.0.29326.143
MinimumVisualStudioVersion = 10.0.40219.1
Project("{FAE04EC0-301F-11D3-BF4B-00C04F79EFBC}") = "xmlManipulation", "xmlManipulation.csproj", "{C37B01C8-41D5-4497-9074-2D4158269DBF}"
EndProject
Global
	GlobalSection(SolutionConfigurationPlatforms) = preSolution
		Debug|Any CPU = Debug|Any CPU
		Release|Any CPU = Release|Any CPU
	EndGlobalSection
	GlobalSection(ProjectConfigurationPlatforms) = postSolution
		{C37B01C8-41D5-4497-9074-2D4158269DBF}.Debug|Any CPU.ActiveCfg = Debug|Any CPU
		{C37B01C8-41D5-4497-9074-2D4158269DBF}.Debug|Any CPU.Build.0 = Debug|Any CPU
		{C37B01C8-41D5-4497-9074-2D4158269DBF}.Release|Any CPU.ActiveCfg = Release|Any CPU
		{C37B01C8-41D5-4497-9074-2D4158269DBF}.Release|Any CPU.Build.0 = Release|Any CPU
	EndGlobalSection
	GlobalSection(SolutionProperties) = preSolution
		HideSolutionNode = FALSE
	EndGlobalSection
	GlobalSection(ExtensibilityGlobals) = postSolution
		SolutionGuid = {BA4ADE53-B180-42BA-899B-B7DCF3DBC1DE}
	EndGlobalSection
EndGlobal
